{
  "nodes": {
    "home-manager": {
      "inputs": {
        "nixpkgs": [
          "nixpkgs"
        ]
      },
      "locked": {
        "lastModified": 1685599623,
        "narHash": "sha256-Tob4CMOVHue0D3RzguDBCtUmX5ji2PsdbQDbIOIKvsc=",
        "owner": "nix-community",
        "repo": "home-manager",
        "rev": "93db05480c0c0f30382d3e80779e8386dcb4f9dd",
        "type": "github"
      },
      "original": {
        "owner": "nix-community",
        "ref": "release-23.05",
        "repo": "home-manager",
        "type": "github"
      }
    },
    "impermanence": {
      "locked": {
        "lastModified": 1684264534,
        "narHash": "sha256-K0zr+ry3FwIo3rN2U/VWAkCJSgBslBisvfRIPwMbuCQ=",
        "owner": "nix-community",
        "repo": "impermanence",
        "rev": "89253fb1518063556edd5e54509c30ac3089d5e6",
        "type": "github"
      },
      "original": {
        "owner": "nix-community",
        "repo": "impermanence",
        "type": "github"
      }
    },
    "nixpkgs": {
      "locked": {
        "lastModified": 1686331006,
        "narHash": "sha256-hElRDWUNG655aqF0awu+h5cmDN+I/dQcChRt2tGuGGU=",
        "owner": "NixOS",
        "repo": "nixpkgs",
        "rev": "85bcb95aa83be667e562e781e9d186c57a07d757",
        "type": "github"
      },
      "original": {
        "owner": "NixOS",
        "ref": "nixos-23.05",
        "repo": "nixpkgs",
        "type": "github"
      }
    },
    "nixpkgs-stable": {
      "locked": {
        "lastModified": 1686392259,
        "narHash": "sha256-hqSS9hKhWldIZr1bBp9xKhIznnGPICGKzuehd2LH0UA=",
        "owner": "NixOS",
        "repo": "nixpkgs",
        "rev": "ef24b2fa0c5f290a35064b847bc211f25cb85c88",
        "type": "github"
      },
      "original": {
        "owner": "NixOS",
        "ref": "release-22.11",
        "repo": "nixpkgs",
        "type": "github"
      }
    },
    "root": {
      "inputs": {
        "home-manager": "home-manager",
        "impermanence": "impermanence",
        "nixpkgs": "nixpkgs",
        "sops-nix": "sops-nix"
      }
    },
    "sops-nix": {
      "inputs": {
        "nixpkgs": [
          "nixpkgs"
        ],
        "nixpkgs-stable": "nixpkgs-stable"
      },
      "locked": {
        "lastModified": 1686453485,
        "narHash": "sha256-75iPAcS6xuw4SNfqLmFCi9wWG1JmDNKaC8l3WJUkmDk=",
        "owner": "Mic92",
        "repo": "sops-nix",
        "rev": "cb85e297937af1bd1434cf5f85a3f86a21dc8207",
        "type": "github"
      },
      "original": {
        "owner": "Mic92",
        "repo": "sops-nix",
        "type": "github"
      }
    }
  },
  "root": "root",
  "version": 7
}
